
Microsoft Visual Studio Solution File, Format Version 12.00
# Visual Studio Version 16
VisualStudioVersion = 16.0.31729.503
MinimumVisualStudioVersion = 10.0.40219.1
Project("{9A19103F-16F7-4668-BE54-9A1E7A4F7556}") = "TpeDiscordBot", "src\TpeDiscordBot\TpeDiscordBot.csproj", "{9D5516E3-79F6-408D-BC4D-1794EFC4B48D}"
EndProject
Project("{2150E333-8FDC-42A3-9474-1A3956D46DE8}") = "src", "src", "{FF772C83-151A-411D-B20D-0D9FB67B6D75}"
EndProject
Global
	GlobalSection(SolutionConfigurationPlatforms) = preSolution
		Debug|Any CPU = Debug|Any CPU
		Release|Any CPU = Release|Any CPU
	EndGlobalSection
	GlobalSection(ProjectConfigurationPlatforms) = postSolution
		{9D5516E3-79F6-408D-BC4D-1794EFC4B48D}.Debug|Any CPU.ActiveCfg = Debug|Any CPU
		{9D5516E3-79F6-408D-BC4D-1794EFC4B48D}.Debug|Any CPU.Build.0 = Debug|Any CPU
		{9D5516E3-79F6-408D-BC4D-1794EFC4B48D}.Release|Any CPU.ActiveCfg = Release|Any CPU
		{9D5516E3-79F6-408D-BC4D-1794EFC4B48D}.Release|Any CPU.Build.0 = Release|Any CPU
	EndGlobalSection
	GlobalSection(SolutionProperties) = preSolution
		HideSolutionNode = FALSE
	EndGlobalSection
	GlobalSection(NestedProjects) = preSolution
		{9D5516E3-79F6-408D-BC4D-1794EFC4B48D} = {FF772C83-151A-411D-B20D-0D9FB67B6D75}
	EndGlobalSection
	GlobalSection(ExtensibilityGlobals) = postSolution
		SolutionGuid = {CBA6DFB0-226A-47BD-A26C-90CDFD096A7D}
	EndGlobalSection
EndGlobal
